
Microsoft Visual Studio Solution File, Format Version 12.00
# Visual Studio Version 17
VisualStudioVersion = 17.14.36518.9 d17.14
MinimumVisualStudioVersion = 10.0.40219.1
Project("{FAE04EC0-301F-11D3-BF4B-00C04F79EFBC}") = "FaceRecognition", "FaceRecognition.csproj", "{06745EAD-F2B8-4E9A-801C-BD1FE80BB67D}"
EndProject
Global
	GlobalSection(SolutionConfigurationPlatforms) = preSolution
		Debug|Any CPU = Debug|Any CPU
		Release|Any CPU = Release|Any CPU
	EndGlobalSection
	GlobalSection(ProjectConfigurationPlatforms) = postSolution
		{06745EAD-F2B8-4E9A-801C-BD1FE80BB67D}.Debug|Any CPU.ActiveCfg = Debug|Any CPU
		{06745EAD-F2B8-4E9A-801C-BD1FE80BB67D}.Debug|Any CPU.Build.0 = Debug|Any CPU
		{06745EAD-F2B8-4E9A-801C-BD1FE80BB67D}.Release|Any CPU.ActiveCfg = Release|Any CPU
		{06745EAD-F2B8-4E9A-801C-BD1FE80BB67D}.Release|Any CPU.Build.0 = Release|Any CPU
	EndGlobalSection
	GlobalSection(SolutionProperties) = preSolution
		HideSolutionNode = FALSE
	EndGlobalSection
	GlobalSection(ExtensibilityGlobals) = postSolution
		SolutionGuid = {CB0C1984-085A-4479-BA63-147F65F47562}
	EndGlobalSection
EndGlobal
